// !$*UTF8*$!
{
	archiveVersion = 1;
	classes = {
	};
	objectVersion = 46;
	objects = {

/* Begin PBXBuildFile section */
		19DF4D0B19B38D13007C8F86 /* Foundation.framework in Frameworks */ = {isa = PBXBuildFile; fileRef = 19DF4D0A19B38D13007C8F86 /* Foundation.framework */; };
		19DF4D0D19B38D13007C8F86 /* CoreGraphics.framework in Frameworks */ = {isa = PBXBuildFile; fileRef = 19DF4D0C19B38D13007C8F86 /* CoreGraphics.framework */; };
		19DF4D0F19B38D13007C8F86 /* UIKit.framework in Frameworks */ = {isa = PBXBuildFile; fileRef = 19DF4D0E19B38D13007C8F86 /* UIKit.framework */; };
		19DF4D1119B38D13007C8F86 /* CoreData.framework in Frameworks */ = {isa = PBXBuildFile; fileRef = 19DF4D1019B38D13007C8F86 /* CoreData.framework */; };
		19DF4D1719B38D13007C8F86 /* InfoPlist.strings in Resources */ = {isa = PBXBuildFile; fileRef = 19DF4D1519B38D13007C8F86 /* InfoPlist.strings */; };
		19DF4D1919B38D13007C8F86 /* main.m in Sources */ = {isa = PBXBuildFile; fileRef = 19DF4D1819B38D13007C8F86 /* main.m */; };
		19DF4D1D19B38D13007C8F86 /* BBAppDelegate.m in Sources */ = {isa = PBXBuildFile; fileRef = 19DF4D1C19B38D13007C8F86 /* BBAppDelegate.m */; };
		19DF4D2019B38D13007C8F86 /* CoreDataToManyRelationship.xcdatamodeld in Sources */ = {isa = PBXBuildFile; fileRef = 19DF4D1E19B38D13007C8F86 /* CoreDataToManyRelationship.xcdatamodeld */; };
		19DF4D2219B38D13007C8F86 /* Images.xcassets in Resources */ = {isa = PBXBuildFile; fileRef = 19DF4D2119B38D13007C8F86 /* Images.xcassets */; };
		19DF4D2919B38D14007C8F86 /* XCTest.framework in Frameworks */ = {isa = PBXBuildFile; fileRef = 19DF4D2819B38D14007C8F86 /* XCTest.framework */; };
		19DF4D2A19B38D14007C8F86 /* Foundation.framework in Frameworks */ = {isa = PBXBuildFile; fileRef = 19DF4D0A19B38D13007C8F86 /* Foundation.framework */; };
		19DF4D2B19B38D14007C8F86 /* UIKit.framework in Frameworks */ = {isa = PBXBuildFile; fileRef = 19DF4D0E19B38D13007C8F86 /* UIKit.framework */; };
		19DF4D2C19B38D14007C8F86 /* CoreData.framework in Frameworks */ = {isa = PBXBuildFile; fileRef = 19DF4D1019B38D13007C8F86 /* CoreData.framework */; };
		19DF4D3419B38D14007C8F86 /* InfoPlist.strings in Resources */ = {isa = PBXBuildFile; fileRef = 19DF4D3219B38D14007C8F86 /* InfoPlist.strings */; };
		19DF4D3619B38D14007C8F86 /* CoreDataToManyRelationshipTests.m in Sources */ = {isa = PBXBuildFile; fileRef = 19DF4D3519B38D14007C8F86 /* CoreDataToManyRelationshipTests.m */; };
		19DF4D5B19B38D55007C8F86 /* BBMenuViewController.m in Sources */ = {isa = PBXBuildFile; fileRef = 19DF4D4019B38D55007C8F86 /* BBMenuViewController.m */; };
		19DF4D5C19B38D55007C8F86 /* BBBagTableViewController.m in Sources */ = {isa = PBXBuildFile; fileRef = 19DF4D4219B38D55007C8F86 /* BBBagTableViewController.m */; };
		19DF4D5D19B38D55007C8F86 /* BBBagDetailViewController.m in Sources */ = {isa = PBXBuildFile; fileRef = 19DF4D4419B38D55007C8F86 /* BBBagDetailViewController.m */; };
		19DF4D5E19B38D55007C8F86 /* BBBagDetailViewController.xib in Resources */ = {isa = PBXBuildFile; fileRef = 19DF4D4519B38D55007C8F86 /* BBBagDetailViewController.xib */; };
		19DF4D5F19B38D55007C8F86 /* BBBagContentsTableViewController.m in Sources */ = {isa = PBXBuildFile; fileRef = 19DF4D4719B38D55007C8F86 /* BBBagContentsTableViewController.m */; };
		19DF4D6019B38D55007C8F86 /* BBChooseBagContentsTableViewController.m in Sources */ = {isa = PBXBuildFile; fileRef = 19DF4D4919B38D55007C8F86 /* BBChooseBagContentsTableViewController.m */; };
		19DF4D6119B38D55007C8F86 /* BBItemTableViewController.m in Sources */ = {isa = PBXBuildFile; fileRef = 19DF4D4B19B38D55007C8F86 /* BBItemTableViewController.m */; };
		19DF4D6219B38D55007C8F86 /* BBItemDetailViewController.m in Sources */ = {isa = PBXBuildFile; fileRef = 19DF4D4D19B38D55007C8F86 /* BBItemDetailViewController.m */; };
		19DF4D6319B38D55007C8F86 /* BBItemDetailViewController.xib in Resources */ = {isa = PBXBuildFile; fileRef = 19DF4D4E19B38D55007C8F86 /* BBItemDetailViewController.xib */; };
		19DF4D6419B38D55007C8F86 /* BBBagStore.m in Sources */ = {isa = PBXBuildFile; fileRef = 19DF4D5019B38D55007C8F86 /* BBBagStore.m */; };
		19DF4D6619B38D55007C8F86 /* BBItemStore.m in Sources */ = {isa = PBXBuildFile; fileRef = 19DF4D5419B38D55007C8F86 /* BBItemStore.m */; };
		19DF4D6719B38D55007C8F86 /* BBItemTableViewCell.m in Sources */ = {isa = PBXBuildFile; fileRef = 19DF4D5619B38D55007C8F86 /* BBItemTableViewCell.m */; };
		19DF4D6819B38D55007C8F86 /* BBItemTableViewCell.xib in Resources */ = {isa = PBXBuildFile; fileRef = 19DF4D5719B38D55007C8F86 /* BBItemTableViewCell.xib */; };
		19DF4D6919B38D55007C8F86 /* BBBagTableViewCell.m in Sources */ = {isa = PBXBuildFile; fileRef = 19DF4D5919B38D55007C8F86 /* BBBagTableViewCell.m */; };
		19DF4D6A19B38D55007C8F86 /* BBBagTableViewCell.xib in Resources */ = {isa = PBXBuildFile; fileRef = 19DF4D5A19B38D55007C8F86 /* BBBagTableViewCell.xib */; };
		19DF4D7319B391CA007C8F86 /* BBItem.m in Sources */ = {isa = PBXBuildFile; fileRef = 19DF4D7219B391CA007C8F86 /* BBItem.m */; };
		19DF4D7619B391CB007C8F86 /* BBBag.m in Sources */ = {isa = PBXBuildFile; fileRef = 19DF4D7519B391CB007C8F86 /* BBBag.m */; };
/* End PBXBuildFile section */

/* Begin PBXContainerItemProxy section */
		19DF4D2D19B38D14007C8F86 /* PBXContainerItemProxy */ = {
			isa = PBXContainerItemProxy;
			containerPortal = 19DF4CFF19B38D13007C8F86 /* Project object */;
			proxyType = 1;
			remoteGlobalIDString = 19DF4D0619B38D13007C8F86;
			remoteInfo = CoreDataToManyRelationship;
		};
/* End PBXContainerItemProxy section */

/* Begin PBXFileReference section */
		19DF4D0719B38D13007C8F86 /* CoreDataToManyRelationship.app */ = {isa = PBXFileReference; explicitFileType = wrapper.application; includeInIndex = 0; path = CoreDataToManyRelationship.app; sourceTree = BUILT_PRODUCTS_DIR; };
		19DF4D0A19B38D13007C8F86 /* Foundation.framework */ = {isa = PBXFileReference; lastKnownFileType = wrapper.framework; name = Foundation.framework; path = System/Library/Frameworks/Foundation.framework; sourceTree = SDKROOT; };
		19DF4D0C19B38D13007C8F86 /* CoreGraphics.framework */ = {isa = PBXFileReference; lastKnownFileType = wrapper.framework; name = CoreGraphics.framework; path = System/Library/Frameworks/CoreGraphics.framework; sourceTree = SDKROOT; };
		19DF4D0E19B38D13007C8F86 /* UIKit.framework */ = {isa = PBXFileReference; lastKnownFileType = wrapper.framework; name = UIKit.framework; path = System/Library/Frameworks/UIKit.framework; sourceTree = SDKROOT; };
		19DF4D1019B38D13007C8F86 /* CoreData.framework */ = {isa = PBXFileReference; lastKnownFileType = wrapper.framework; name = CoreData.framework; path = System/Library/Frameworks/CoreData.framework; sourceTree = SDKROOT; };
		19DF4D1419B38D13007C8F86 /* CoreDataToManyRelationship-Info.plist */ = {isa = PBXFileReference; lastKnownFileType = text.plist.xml; path = "CoreDataToManyRelationship-Info.plist"; sourceTree = "<group>"; };
		19DF4D1619B38D13007C8F86 /* en */ = {isa = PBXFileReference; lastKnownFileType = text.plist.strings; name = en; path = en.lproj/InfoPlist.strings; sourceTree = "<group>"; };
		19DF4D1819B38D13007C8F86 /* main.m */ = {isa = PBXFileReference; lastKnownFileType = sourcecode.c.objc; path = main.m; sourceTree = "<group>"; };
		19DF4D1A19B38D13007C8F86 /* CoreDataToManyRelationship-Prefix.pch */ = {isa = PBXFileReference; lastKnownFileType = sourcecode.c.h; path = "CoreDataToManyRelationship-Prefix.pch"; sourceTree = "<group>"; };
		19DF4D1B19B38D13007C8F86 /* BBAppDelegate.h */ = {isa = PBXFileReference; lastKnownFileType = sourcecode.c.h; path = BBAppDelegate.h; sourceTree = "<group>"; };
		19DF4D1C19B38D13007C8F86 /* BBAppDelegate.m */ = {isa = PBXFileReference; lastKnownFileType = sourcecode.c.objc; path = BBAppDelegate.m; sourceTree = "<group>"; };
		19DF4D1F19B38D13007C8F86 /* CoreDataToManyRelationship.xcdatamodel */ = {isa = PBXFileReference; lastKnownFileType = wrapper.xcdatamodel; path = CoreDataToManyRelationship.xcdatamodel; sourceTree = "<group>"; };
		19DF4D2119B38D13007C8F86 /* Images.xcassets */ = {isa = PBXFileReference; lastKnownFileType = folder.assetcatalog; path = Images.xcassets; sourceTree = "<group>"; };
		19DF4D2719B38D14007C8F86 /* CoreDataToManyRelationshipTests.xctest */ = {isa = PBXFileReference; explicitFileType = wrapper.cfbundle; includeInIndex = 0; path = CoreDataToManyRelationshipTests.xctest; sourceTree = BUILT_PRODUCTS_DIR; };
		19DF4D2819B38D14007C8F86 /* XCTest.framework */ = {isa = PBXFileReference; lastKnownFileType = wrapper.framework; name = XCTest.framework; path = Library/Frameworks/XCTest.framework; sourceTree = DEVELOPER_DIR; };
		19DF4D3119B38D14007C8F86 /* CoreDataToManyRelationshipTests-Info.plist */ = {isa = PBXFileReference; lastKnownFileType = text.plist.xml; path = "CoreDataToManyRelationshipTests-Info.plist"; sourceTree = "<group>"; };
		19DF4D3319B38D14007C8F86 /* en */ = {isa = PBXFileReference; lastKnownFileType = text.plist.strings; name = en; path = en.lproj/InfoPlist.strings; sourceTree = "<group>"; };
		19DF4D3519B38D14007C8F86 /* CoreDataToManyRelationshipTests.m */ = {isa = PBXFileReference; lastKnownFileType = sourcecode.c.objc; path = CoreDataToManyRelationshipTests.m; sourceTree = "<group>"; };
		19DF4D3F19B38D55007C8F86 /* BBMenuViewController.h */ = {isa = PBXFileReference; fileEncoding = 4; lastKnownFileType = sourcecode.c.h; path = BBMenuViewController.h; sourceTree = "<group>"; };
		19DF4D4019B38D55007C8F86 /* BBMenuViewController.m */ = {isa = PBXFileReference; fileEncoding = 4; lastKnownFileType = sourcecode.c.objc; path = BBMenuViewController.m; sourceTree = "<group>"; };
		19DF4D4119B38D55007C8F86 /* BBBagTableViewController.h */ = {isa = PBXFileReference; fileEncoding = 4; lastKnownFileType = sourcecode.c.h; path = BBBagTableViewController.h; sourceTree = "<group>"; };
		19DF4D4219B38D55007C8F86 /* BBBagTableViewController.m */ = {isa = PBXFileReference; fileEncoding = 4; lastKnownFileType = sourcecode.c.objc; path = BBBagTableViewController.m; sourceTree = "<group>"; };
		19DF4D4319B38D55007C8F86 /* BBBagDetailViewController.h */ = {isa = PBXFileReference; fileEncoding = 4; lastKnownFileType = sourcecode.c.h; path = BBBagDetailViewController.h; sourceTree = "<group>"; };
		19DF4D4419B38D55007C8F86 /* BBBagDetailViewController.m */ = {isa = PBXFileReference; fileEncoding = 4; lastKnownFileType = sourcecode.c.objc; path = BBBagDetailViewController.m; sourceTree = "<group>"; };
		19DF4D4519B38D55007C8F86 /* BBBagDetailViewController.xib */ = {isa = PBXFileReference; fileEncoding = 4; lastKnownFileType = file.xib; path = BBBagDetailViewController.xib; sourceTree = "<group>"; };
		19DF4D4619B38D55007C8F86 /* BBBagContentsTableViewController.h */ = {isa = PBXFileReference; fileEncoding = 4; lastKnownFileType = sourcecode.c.h; path = BBBagContentsTableViewController.h; sourceTree = "<group>"; };
		19DF4D4719B38D55007C8F86 /* BBBagContentsTableViewController.m */ = {isa = PBXFileReference; fileEncoding = 4; lastKnownFileType = sourcecode.c.objc; path = BBBagContentsTableViewController.m; sourceTree = "<group>"; };
		19DF4D4819B38D55007C8F86 /* BBChooseBagContentsTableViewController.h */ = {isa = PBXFileReference; fileEncoding = 4; lastKnownFileType = sourcecode.c.h; path = BBChooseBagContentsTableViewController.h; sourceTree = "<group>"; };
		19DF4D4919B38D55007C8F86 /* BBChooseBagContentsTableViewController.m */ = {isa = PBXFileReference; fileEncoding = 4; lastKnownFileType = sourcecode.c.objc; path = BBChooseBagContentsTableViewController.m; sourceTree = "<group>"; };
		19DF4D4A19B38D55007C8F86 /* BBItemTableViewController.h */ = {isa = PBXFileReference; fileEncoding = 4; lastKnownFileType = sourcecode.c.h; path = BBItemTableViewController.h; sourceTree = "<group>"; };
		19DF4D4B19B38D55007C8F86 /* BBItemTableViewController.m */ = {isa = PBXFileReference; fileEncoding = 4; lastKnownFileType = sourcecode.c.objc; path = BBItemTableViewController.m; sourceTree = "<group>"; };
		19DF4D4C19B38D55007C8F86 /* BBItemDetailViewController.h */ = {isa = PBXFileReference; fileEncoding = 4; lastKnownFileType = sourcecode.c.h; path = BBItemDetailViewController.h; sourceTree = "<group>"; };
		19DF4D4D19B38D55007C8F86 /* BBItemDetailViewController.m */ = {isa = PBXFileReference; fileEncoding = 4; lastKnownFileType = sourcecode.c.objc; path = BBItemDetailViewController.m; sourceTree = "<group>"; };
		19DF4D4E19B38D55007C8F86 /* BBItemDetailViewController.xib */ = {isa = PBXFileReference; fileEncoding = 4; lastKnownFileType = file.xib; path = BBItemDetailViewController.xib; sourceTree = "<group>"; };
		19DF4D4F19B38D55007C8F86 /* BBBagStore.h */ = {isa = PBXFileReference; fileEncoding = 4; lastKnownFileType = sourcecode.c.h; path = BBBagStore.h; sourceTree = "<group>"; };
		19DF4D5019B38D55007C8F86 /* BBBagStore.m */ = {isa = PBXFileReference; fileEncoding = 4; lastKnownFileType = sourcecode.c.objc; path = BBBagStore.m; sourceTree = "<group>"; };
		19DF4D5319B38D55007C8F86 /* BBItemStore.h */ = {isa = PBXFileReference; fileEncoding = 4; lastKnownFileType = sourcecode.c.h; path = BBItemStore.h; sourceTree = "<group>"; };
		19DF4D5419B38D55007C8F86 /* BBItemStore.m */ = {isa = PBXFileReference; fileEncoding = 4; lastKnownFileType = sourcecode.c.objc; path = BBItemStore.m; sourceTree = "<group>"; };
		19DF4D5519B38D55007C8F86 /* BBItemTableViewCell.h */ = {isa = PBXFileReference; fileEncoding = 4; lastKnownFileType = sourcecode.c.h; path = BBItemTableViewCell.h; sourceTree = "<group>"; };
		19DF4D5619B38D55007C8F86 /* BBItemTableViewCell.m */ = {isa = PBXFileReference; fileEncoding = 4; lastKnownFileType = sourcecode.c.objc; path = BBItemTableViewCell.m; sourceTree = "<group>"; };
		19DF4D5719B38D55007C8F86 /* BBItemTableViewCell.xib */ = {isa = PBXFileReference; fileEncoding = 4; lastKnownFileType = file.xib; path = BBItemTableViewCell.xib; sourceTree = "<group>"; };
		19DF4D5819B38D55007C8F86 /* BBBagTableViewCell.h */ = {isa = PBXFileReference; fileEncoding = 4; lastKnownFileType = sourcecode.c.h; path = BBBagTableViewCell.h; sourceTree = "<group>"; };
		19DF4D5919B38D55007C8F86 /* BBBagTableViewCell.m */ = {isa = PBXFileReference; fileEncoding = 4; lastKnownFileType = sourcecode.c.objc; path = BBBagTableViewCell.m; sourceTree = "<group>"; };
		19DF4D5A19B38D55007C8F86 /* BBBagTableViewCell.xib */ = {isa = PBXFileReference; fileEncoding = 4; lastKnownFileType = file.xib; path = BBBagTableViewCell.xib; sourceTree = "<group>"; };
		19DF4D7119B391CA007C8F86 /* BBItem.h */ = {isa = PBXFileReference; fileEncoding = 4; lastKnownFileType = sourcecode.c.h; path = BBItem.h; sourceTree = "<group>"; };
		19DF4D7219B391CA007C8F86 /* BBItem.m */ = {isa = PBXFileReference; fileEncoding = 4; lastKnownFileType = sourcecode.c.objc; path = BBItem.m; sourceTree = "<group>"; };
		19DF4D7419B391CB007C8F86 /* BBBag.h */ = {isa = PBXFileReference; fileEncoding = 4; lastKnownFileType = sourcecode.c.h; path = BBBag.h; sourceTree = "<group>"; };
		19DF4D7519B391CB007C8F86 /* BBBag.m */ = {isa = PBXFileReference; fileEncoding = 4; lastKnownFileType = sourcecode.c.objc; path = BBBag.m; sourceTree = "<group>"; };
/* End PBXFileReference section */

/* Begin PBXFrameworksBuildPhase section */
		19DF4D0419B38D13007C8F86 /* Frameworks */ = {
			isa = PBXFrameworksBuildPhase;
			buildActionMask = 2147483647;
			files = (
				19DF4D0D19B38D13007C8F86 /* CoreGraphics.framework in Frameworks */,
				19DF4D1119B38D13007C8F86 /* CoreData.framework in Frameworks */,
				19DF4D0F19B38D13007C8F86 /* UIKit.framework in Frameworks */,
				19DF4D0B19B38D13007C8F86 /* Foundation.framework in Frameworks */,
			);
			runOnlyForDeploymentPostprocessing = 0;
		};
		19DF4D2419B38D14007C8F86 /* Frameworks */ = {
			isa = PBXFrameworksBuildPhase;
			buildActionMask = 2147483647;
			files = (
				19DF4D2919B38D14007C8F86 /* XCTest.framework in Frameworks */,
				19DF4D2C19B38D14007C8F86 /* CoreData.framework in Frameworks */,
				19DF4D2B19B38D14007C8F86 /* UIKit.framework in Frameworks */,
				19DF4D2A19B38D14007C8F86 /* Foundation.framework in Frameworks */,
			);
			runOnlyForDeploymentPostprocessing = 0;
		};
/* End PBXFrameworksBuildPhase section */

/* Begin PBXGroup section */
		19DF4CFE19B38D13007C8F86 = {
			isa = PBXGroup;
			children = (
				19DF4D1219B38D13007C8F86 /* CoreDataToManyRelationship */,
				19DF4D2F19B38D14007C8F86 /* CoreDataToManyRelationshipTests */,
				19DF4D0919B38D13007C8F86 /* Frameworks */,
				19DF4D0819B38D13007C8F86 /* Products */,
			);
			sourceTree = "<group>";
		};
		19DF4D0819B38D13007C8F86 /* Products */ = {
			isa = PBXGroup;
			children = (
				19DF4D0719B38D13007C8F86 /* CoreDataToManyRelationship.app */,
				19DF4D2719B38D14007C8F86 /* CoreDataToManyRelationshipTests.xctest */,
			);
			name = Products;
			sourceTree = "<group>";
		};
		19DF4D0919B38D13007C8F86 /* Frameworks */ = {
			isa = PBXGroup;
			children = (
				19DF4D0A19B38D13007C8F86 /* Foundation.framework */,
				19DF4D0C19B38D13007C8F86 /* CoreGraphics.framework */,
				19DF4D0E19B38D13007C8F86 /* UIKit.framework */,
				19DF4D1019B38D13007C8F86 /* CoreData.framework */,
				19DF4D2819B38D14007C8F86 /* XCTest.framework */,
			);
			name = Frameworks;
			sourceTree = "<group>";
		};
		19DF4D1219B38D13007C8F86 /* CoreDataToManyRelationship */ = {
			isa = PBXGroup;
			children = (
				19DF4D1B19B38D13007C8F86 /* BBAppDelegate.h */,
				19DF4D1C19B38D13007C8F86 /* BBAppDelegate.m */,
				19DF4D7719B399C5007C8F86 /* Controllers */,
				19DF4D7819B399D0007C8F86 /* Models */,
				19DF4D7919B399D9007C8F86 /* Views */,
				19DF4D2119B38D13007C8F86 /* Images.xcassets */,
				19DF4D1E19B38D13007C8F86 /* CoreDataToManyRelationship.xcdatamodeld */,
				19DF4D1319B38D13007C8F86 /* Supporting Files */,
			);
			path = CoreDataToManyRelationship;
			sourceTree = "<group>";
		};
		19DF4D1319B38D13007C8F86 /* Supporting Files */ = {
			isa = PBXGroup;
			children = (
				19DF4D1419B38D13007C8F86 /* CoreDataToManyRelationship-Info.plist */,
				19DF4D1519B38D13007C8F86 /* InfoPlist.strings */,
				19DF4D1819B38D13007C8F86 /* main.m */,
				19DF4D1A19B38D13007C8F86 /* CoreDataToManyRelationship-Prefix.pch */,
			);
			name = "Supporting Files";
			sourceTree = "<group>";
		};
		19DF4D2F19B38D14007C8F86 /* CoreDataToManyRelationshipTests */ = {
			isa = PBXGroup;
			children = (
				19DF4D3519B38D14007C8F86 /* CoreDataToManyRelationshipTests.m */,
				19DF4D3019B38D14007C8F86 /* Supporting Files */,
			);
			path = CoreDataToManyRelationshipTests;
			sourceTree = "<group>";
		};
		19DF4D3019B38D14007C8F86 /* Supporting Files */ = {
			isa = PBXGroup;
			children = (
				19DF4D3119B38D14007C8F86 /* CoreDataToManyRelationshipTests-Info.plist */,
				19DF4D3219B38D14007C8F86 /* InfoPlist.strings */,
			);
			name = "Supporting Files";
			sourceTree = "<group>";
		};
		19DF4D7719B399C5007C8F86 /* Controllers */ = {
			isa = PBXGroup;
			children = (
				19DF4D3F19B38D55007C8F86 /* BBMenuViewController.h */,
				19DF4D4019B38D55007C8F86 /* BBMenuViewController.m */,
				19DF4D4119B38D55007C8F86 /* BBBagTableViewController.h */,
				19DF4D4219B38D55007C8F86 /* BBBagTableViewController.m */,
				19DF4D4319B38D55007C8F86 /* BBBagDetailViewController.h */,
				19DF4D4419B38D55007C8F86 /* BBBagDetailViewController.m */,
				19DF4D4519B38D55007C8F86 /* BBBagDetailViewController.xib */,
				19DF4D4619B38D55007C8F86 /* BBBagContentsTableViewController.h */,
				19DF4D4719B38D55007C8F86 /* BBBagContentsTableViewController.m */,
				19DF4D4819B38D55007C8F86 /* BBChooseBagContentsTableViewController.h */,
				19DF4D4919B38D55007C8F86 /* BBChooseBagContentsTableViewController.m */,
				19DF4D4A19B38D55007C8F86 /* BBItemTableViewController.h */,
				19DF4D4B19B38D55007C8F86 /* BBItemTableViewController.m */,
				19DF4D4C19B38D55007C8F86 /* BBItemDetailViewController.h */,
				19DF4D4D19B38D55007C8F86 /* BBItemDetailViewController.m */,
				19DF4D4E19B38D55007C8F86 /* BBItemDetailViewController.xib */,
			);
			name = Controllers;
			sourceTree = "<group>";
		};
		19DF4D7819B399D0007C8F86 /* Models */ = {
			isa = PBXGroup;
			children = (
				19DF4D7419B391CB007C8F86 /* BBBag.h */,
				19DF4D7519B391CB007C8F86 /* BBBag.m */,
				19DF4D4F19B38D55007C8F86 /* BBBagStore.h */,
				19DF4D5019B38D55007C8F86 /* BBBagStore.m */,
				19DF4D7119B391CA007C8F86 /* BBItem.h */,
				19DF4D7219B391CA007C8F86 /* BBItem.m */,
				19DF4D5319B38D55007C8F86 /* BBItemStore.h */,
				19DF4D5419B38D55007C8F86 /* BBItemStore.m */,
			);
			name = Models;
			sourceTree = "<group>";
		};
		19DF4D7919B399D9007C8F86 /* Views */ = {
			isa = PBXGroup;
			children = (
				19DF4D5519B38D55007C8F86 /* BBItemTableViewCell.h */,
				19DF4D5619B38D55007C8F86 /* BBItemTableViewCell.m */,
				19DF4D5719B38D55007C8F86 /* BBItemTableViewCell.xib */,
				19DF4D5819B38D55007C8F86 /* BBBagTableViewCell.h */,
				19DF4D5919B38D55007C8F86 /* BBBagTableViewCell.m */,
				19DF4D5A19B38D55007C8F86 /* BBBagTableViewCell.xib */,
			);
			name = Views;
			sourceTree = "<group>";
		};
/* End PBXGroup section */

/* Begin PBXNativeTarget section */
		19DF4D0619B38D13007C8F86 /* CoreDataToManyRelationship */ = {
			isa = PBXNativeTarget;
			buildConfigurationList = 19DF4D3919B38D14007C8F86 /* Build configuration list for PBXNativeTarget "CoreDataToManyRelationship" */;
			buildPhases = (
				19DF4D0319B38D13007C8F86 /* Sources */,
				19DF4D0419B38D13007C8F86 /* Frameworks */,
				19DF4D0519B38D13007C8F86 /* Resources */,
			);
			buildRules = (
			);
			dependencies = (
			);
			name = CoreDataToManyRelationship;
			productName = CoreDataToManyRelationship;
			productReference = 19DF4D0719B38D13007C8F86 /* CoreDataToManyRelationship.app */;
			productType = "com.apple.product-type.application";
		};
		19DF4D2619B38D14007C8F86 /* CoreDataToManyRelationshipTests */ = {
			isa = PBXNativeTarget;
			buildConfigurationList = 19DF4D3C19B38D14007C8F86 /* Build configuration list for PBXNativeTarget "CoreDataToManyRelationshipTests" */;
			buildPhases = (
				19DF4D2319B38D14007C8F86 /* Sources */,
				19DF4D2419B38D14007C8F86 /* Frameworks */,
				19DF4D2519B38D14007C8F86 /* Resources */,
			);
			buildRules = (
			);
			dependencies = (
				19DF4D2E19B38D14007C8F86 /* PBXTargetDependency */,
			);
			name = CoreDataToManyRelationshipTests;
			productName = CoreDataToManyRelationshipTests;
			productReference = 19DF4D2719B38D14007C8F86 /* CoreDataToManyRelationshipTests.xctest */;
			productType = "com.apple.product-type.bundle.unit-test";
		};
/* End PBXNativeTarget section */

/* Begin PBXProject section */
		19DF4CFF19B38D13007C8F86 /* Project object */ = {
			isa = PBXProject;
			attributes = {
				CLASSPREFIX = BB;
				LastUpgradeCheck = 0510;
				ORGANIZATIONNAME = none;
				TargetAttributes = {
					19DF4D2619B38D14007C8F86 = {
						TestTargetID = 19DF4D0619B38D13007C8F86;
					};
				};
			};
			buildConfigurationList = 19DF4D0219B38D13007C8F86 /* Build configuration list for PBXProject "CoreDataToManyRelationship" */;
			compatibilityVersion = "Xcode 3.2";
			developmentRegion = English;
			hasScannedForEncodings = 0;
			knownRegions = (
				en,
			);
			mainGroup = 19DF4CFE19B38D13007C8F86;
			productRefGroup = 19DF4D0819B38D13007C8F86 /* Products */;
			projectDirPath = "";
			projectRoot = "";
			targets = (
				19DF4D0619B38D13007C8F86 /* CoreDataToManyRelationship */,
				19DF4D2619B38D14007C8F86 /* CoreDataToManyRelationshipTests */,
			);
		};
/* End PBXProject section */

/* Begin PBXResourcesBuildPhase section */
		19DF4D0519B38D13007C8F86 /* Resources */ = {
			isa = PBXResourcesBuildPhase;
			buildActionMask = 2147483647;
			files = (
				19DF4D6319B38D55007C8F86 /* BBItemDetailViewController.xib in Resources */,
				19DF4D1719B38D13007C8F86 /* InfoPlist.strings in Resources */,
				19DF4D6A19B38D55007C8F86 /* BBBagTableViewCell.xib in Resources */,
				19DF4D5E19B38D55007C8F86 /* BBBagDetailViewController.xib in Resources */,
				19DF4D2219B38D13007C8F86 /* Images.xcassets in Resources */,
				19DF4D6819B38D55007C8F86 /* BBItemTableViewCell.xib in Resources */,
			);
			runOnlyForDeploymentPostprocessing = 0;
		};
		19DF4D2519B38D14007C8F86 /* Resources */ = {
			isa = PBXResourcesBuildPhase;
			buildActionMask = 2147483647;
			files = (
				19DF4D3419B38D14007C8F86 /* InfoPlist.strings in Resources */,
			);
			runOnlyForDeploymentPostprocessing = 0;
		};
/* End PBXResourcesBuildPhase section */

/* Begin PBXSourcesBuildPhase section */
		19DF4D0319B38D13007C8F86 /* Sources */ = {
			isa = PBXSourcesBuildPhase;
			buildActionMask = 2147483647;
			files = (
				19DF4D5D19B38D55007C8F86 /* BBBagDetailViewController.m in Sources */,
				19DF4D5C19B38D55007C8F86 /* BBBagTableViewController.m in Sources */,
				19DF4D1D19B38D13007C8F86 /* BBAppDelegate.m in Sources */,
				19DF4D6419B38D55007C8F86 /* BBBagStore.m in Sources */,
				19DF4D6119B38D55007C8F86 /* BBItemTableViewController.m in Sources */,
				19DF4D6919B38D55007C8F86 /* BBBagTableViewCell.m in Sources */,
				19DF4D7319B391CA007C8F86 /* BBItem.m in Sources */,
				19DF4D7619B391CB007C8F86 /* BBBag.m in Sources */,
				19DF4D5B19B38D55007C8F86 /* BBMenuViewController.m in Sources */,
				19DF4D2019B38D13007C8F86 /* CoreDataToManyRelationship.xcdatamodeld in Sources */,
				19DF4D6219B38D55007C8F86 /* BBItemDetailViewController.m in Sources */,
				19DF4D1919B38D13007C8F86 /* main.m in Sources */,
				19DF4D6719B38D55007C8F86 /* BBItemTableViewCell.m in Sources */,
				19DF4D5F19B38D55007C8F86 /* BBBagContentsTableViewController.m in Sources */,
				19DF4D6019B38D55007C8F86 /* BBChooseBagContentsTableViewController.m in Sources */,
				19DF4D6619B38D55007C8F86 /* BBItemStore.m in Sources */,
			);
			runOnlyForDeploymentPostprocessing = 0;
		};
		19DF4D2319B38D14007C8F86 /* Sources */ = {
			isa = PBXSourcesBuildPhase;
			buildActionMask = 2147483647;
			files = (
				19DF4D3619B38D14007C8F86 /* CoreDataToManyRelationshipTests.m in Sources */,
			);
			runOnlyForDeploymentPostprocessing = 0;
		};
/* End PBXSourcesBuildPhase section */

/* Begin PBXTargetDependency section */
		19DF4D2E19B38D14007C8F86 /* PBXTargetDependency */ = {
			isa = PBXTargetDependency;
			target = 19DF4D0619B38D13007C8F86 /* CoreDataToManyRelationship */;
			targetProxy = 19DF4D2D19B38D14007C8F86 /* PBXContainerItemProxy */;
		};
/* End PBXTargetDependency section */

/* Begin PBXVariantGroup section */
		19DF4D1519B38D13007C8F86 /* InfoPlist.strings */ = {
			isa = PBXVariantGroup;
			children = (
				19DF4D1619B38D13007C8F86 /* en */,
			);
			name = InfoPlist.strings;
			sourceTree = "<group>";
		};
		19DF4D3219B38D14007C8F86 /* InfoPlist.strings */ = {
			isa = PBXVariantGroup;
			children = (
				19DF4D3319B38D14007C8F86 /* en */,
			);
			name = InfoPlist.strings;
			sourceTree = "<group>";
		};
/* End PBXVariantGroup section */

/* Begin XCBuildConfiguration section */
		19DF4D3719B38D14007C8F86 /* Debug */ = {
			isa = XCBuildConfiguration;
			buildSettings = {
				ALWAYS_SEARCH_USER_PATHS = NO;
				CLANG_CXX_LANGUAGE_STANDARD = "gnu++0x";
				CLANG_CXX_LIBRARY = "libc++";
				CLANG_ENABLE_MODULES = YES;
				CLANG_ENABLE_OBJC_ARC = YES;
				CLANG_WARN_BOOL_CONVERSION = YES;
				CLANG_WARN_CONSTANT_CONVERSION = YES;
				CLANG_WARN_DIRECT_OBJC_ISA_USAGE = YES_ERROR;
				CLANG_WARN_EMPTY_BODY = YES;
				CLANG_WARN_ENUM_CONVERSION = YES;
				CLANG_WARN_INT_CONVERSION = YES;
				CLANG_WARN_OBJC_ROOT_CLASS = YES_ERROR;
				CLANG_WARN__DUPLICATE_METHOD_MATCH = YES;
				"CODE_SIGN_IDENTITY[sdk=iphoneos*]" = "iPhone Developer";
				COPY_PHASE_STRIP = NO;
				GCC_C_LANGUAGE_STANDARD = gnu99;
				GCC_DYNAMIC_NO_PIC = NO;
				GCC_OPTIMIZATION_LEVEL = 0;
				GCC_PREPROCESSOR_DEFINITIONS = (
					"DEBUG=1",
					"$(inherited)",
				);
				GCC_SYMBOLS_PRIVATE_EXTERN = NO;
				GCC_WARN_64_TO_32_BIT_CONVERSION = YES;
				GCC_WARN_ABOUT_RETURN_TYPE = YES_ERROR;
				GCC_WARN_UNDECLARED_SELECTOR = YES;
				GCC_WARN_UNINITIALIZED_AUTOS = YES_AGGRESSIVE;
				GCC_WARN_UNUSED_FUNCTION = YES;
				GCC_WARN_UNUSED_VARIABLE = YES;
				IPHONEOS_DEPLOYMENT_TARGET = 7.1;
				ONLY_ACTIVE_ARCH = YES;
				SDKROOT = iphoneos;
			};
			name = Debug;
		};
		19DF4D3819B38D14007C8F86 /* Release */ = {
			isa = XCBuildConfiguration;
			buildSettings = {
				ALWAYS_SEARCH_USER_PATHS = NO;
				CLANG_CXX_LANGUAGE_STANDARD = "gnu++0x";
				CLANG_CXX_LIBRARY = "libc++";
				CLANG_ENABLE_MODULES = YES;
				CLANG_ENABLE_OBJC_ARC = YES;
				CLANG_WARN_BOOL_CONVERSION = YES;
				CLANG_WARN_CONSTANT_CONVERSION = YES;
				CLANG_WARN_DIRECT_OBJC_ISA_USAGE = YES_ERROR;
				CLANG_WARN_EMPTY_BODY = YES;
				CLANG_WARN_ENUM_CONVERSION = YES;
				CLANG_WARN_INT_CONVERSION = YES;
				CLANG_WARN_OBJC_ROOT_CLASS = YES_ERROR;
				CLANG_WARN__DUPLICATE_METHOD_MATCH = YES;
				"CODE_SIGN_IDENTITY[sdk=iphoneos*]" = "iPhone Developer";
				COPY_PHASE_STRIP = YES;
				ENABLE_NS_ASSERTIONS = NO;
				GCC_C_LANGUAGE_STANDARD = gnu99;
				GCC_WARN_64_TO_32_BIT_CONVERSION = YES;
				GCC_WARN_ABOUT_RETURN_TYPE = YES_ERROR;
				GCC_WARN_UNDECLARED_SELECTOR = YES;
				GCC_WARN_UNINITIALIZED_AUTOS = YES_AGGRESSIVE;
				GCC_WARN_UNUSED_FUNCTION = YES;
				GCC_WARN_UNUSED_VARIABLE = YES;
				IPHONEOS_DEPLOYMENT_TARGET = 7.1;
				SDKROOT = iphoneos;
				VALIDATE_PRODUCT = YES;
			};
			name = Release;
		};
		19DF4D3A19B38D14007C8F86 /* Debug */ = {
			isa = XCBuildConfiguration;
			buildSettings = {
				ASSETCATALOG_COMPILER_APPICON_NAME = AppIcon;
				ASSETCATALOG_COMPILER_LAUNCHIMAGE_NAME = LaunchImage;
				GCC_PRECOMPILE_PREFIX_HEADER = YES;
				GCC_PREFIX_HEADER = "CoreDataToManyRelationship/CoreDataToManyRelationship-Prefix.pch";
				INFOPLIST_FILE = "CoreDataToManyRelationship/CoreDataToManyRelationship-Info.plist";
				PRODUCT_NAME = "$(TARGET_NAME)";
				WRAPPER_EXTENSION = app;
			};
			name = Debug;
		};
		19DF4D3B19B38D14007C8F86 /* Release */ = {
			isa = XCBuildConfiguration;
			buildSettings = {
				ASSETCATALOG_COMPILER_APPICON_NAME = AppIcon;
				ASSETCATALOG_COMPILER_LAUNCHIMAGE_NAME = LaunchImage;
				GCC_PRECOMPILE_PREFIX_HEADER = YES;
				GCC_PREFIX_HEADER = "CoreDataToManyRelationship/CoreDataToManyRelationship-Prefix.pch";
				INFOPLIST_FILE = "CoreDataToManyRelationship/CoreDataToManyRelationship-Info.plist";
				PRODUCT_NAME = "$(TARGET_NAME)";
				WRAPPER_EXTENSION = app;
			};
			name = Release;
		};
		19DF4D3D19B38D14007C8F86 /* Debug */ = {
			isa = XCBuildConfiguration;
			buildSettings = {
				BUNDLE_LOADER = "$(BUILT_PRODUCTS_DIR)/CoreDataToManyRelationship.app/CoreDataToManyRelationship";
				FRAMEWORK_SEARCH_PATHS = (
					"$(SDKROOT)/Developer/Library/Frameworks",
					"$(inherited)",
					"$(DEVELOPER_FRAMEWORKS_DIR)",
				);
				GCC_PRECOMPILE_PREFIX_HEADER = YES;
				GCC_PREFIX_HEADER = "CoreDataToManyRelationship/CoreDataToManyRelationship-Prefix.pch";
				GCC_PREPROCESSOR_DEFINITIONS = (
					"DEBUG=1",
					"$(inherited)",
				);
				INFOPLIST_FILE = "CoreDataToManyRelationshipTests/CoreDataToManyRelationshipTests-Info.plist";
				PRODUCT_NAME = "$(TARGET_NAME)";
				TEST_HOST = "$(BUNDLE_LOADER)";
				WRAPPER_EXTENSION = xctest;
			};
			name = Debug;
		};
		19DF4D3E19B38D14007C8F86 /* Release */ = {
			isa = XCBuildConfiguration;
			buildSettings = {
				BUNDLE_LOADER = "$(BUILT_PRODUCTS_DIR)/CoreDataToManyRelationship.app/CoreDataToManyRelationship";
				FRAMEWORK_SEARCH_PATHS = (
					"$(SDKROOT)/Developer/Library/Frameworks",
					"$(inherited)",
					"$(DEVELOPER_FRAMEWORKS_DIR)",
				);
				GCC_PRECOMPILE_PREFIX_HEADER = YES;
				GCC_PREFIX_HEADER = "CoreDataToManyRelationship/CoreDataToManyRelationship-Prefix.pch";
				INFOPLIST_FILE = "CoreDataToManyRelationshipTests/CoreDataToManyRelationshipTests-Info.plist";
				PRODUCT_NAME = "$(TARGET_NAME)";
				TEST_HOST = "$(BUNDLE_LOADER)";
				WRAPPER_EXTENSION = xctest;
			};
			name = Release;
		};
/* End XCBuildConfiguration section */

/* Begin XCConfigurationList section */
		19DF4D0219B38D13007C8F86 /* Build configuration list for PBXProject "CoreDataToManyRelationship" */ = {
			isa = XCConfigurationList;
			buildConfigurations = (
				19DF4D3719B38D14007C8F86 /* Debug */,
				19DF4D3819B38D14007C8F86 /* Release */,
			);
			defaultConfigurationIsVisible = 0;
			defaultConfigurationName = Release;
		};
		19DF4D3919B38D14007C8F86 /* Build configuration list for PBXNativeTarget "CoreDataToManyRelationship" */ = {
			isa = XCConfigurationList;
			buildConfigurations = (
				19DF4D3A19B38D14007C8F86 /* Debug */,
				19DF4D3B19B38D14007C8F86 /* Release */,
			);
			defaultConfigurationIsVisible = 0;
		};
		19DF4D3C19B38D14007C8F86 /* Build configuration list for PBXNativeTarget "CoreDataToManyRelationshipTests" */ = {
			isa = XCConfigurationList;
			buildConfigurations = (
				19DF4D3D19B38D14007C8F86 /* Debug */,
				19DF4D3E19B38D14007C8F86 /* Release */,
			);
			defaultConfigurationIsVisible = 0;
		};
/* End XCConfigurationList section */

/* Begin XCVersionGroup section */
		19DF4D1E19B38D13007C8F86 /* CoreDataToManyRelationship.xcdatamodeld */ = {
			isa = XCVersionGroup;
			children = (
				19DF4D1F19B38D13007C8F86 /* CoreDataToManyRelationship.xcdatamodel */,
			);
			currentVersion = 19DF4D1F19B38D13007C8F86 /* CoreDataToManyRelationship.xcdatamodel */;
			path = CoreDataToManyRelationship.xcdatamodeld;
			sourceTree = "<group>";
			versionGroupType = wrapper.xcdatamodel;
		};
/* End XCVersionGroup section */
	};
	rootObject = 19DF4CFF19B38D13007C8F86 /* Project object */;
}
